
Microsoft Visual Studio Solution File, Format Version 12.00
# Visual Studio Version 17
VisualStudioVersion = 17.0.31903.59
MinimumVisualStudioVersion = 10.0.40219.1
Project("{FAE04EC0-301F-11D3-BF4B-00C04F79EFBC}") = "API", "API\API.csproj", "{41A4B2BD-4107-4158-9CEE-BEDC0B2E1853}"
EndProject
Project("{FAE04EC0-301F-11D3-BF4B-00C04F79EFBC}") = "Core", "Core\Core.csproj", "{CA3C4FFD-DCA4-4B22-9D9D-80ACDD2C59C5}"
EndProject
Project("{FAE04EC0-301F-11D3-BF4B-00C04F79EFBC}") = "Infrastructure", "Infrastructure\Infrastructure.csproj", "{639ECE81-F711-4107-81E2-77E6CADD9EA6}"
EndProject
Global
	GlobalSection(SolutionConfigurationPlatforms) = preSolution
		Debug|Any CPU = Debug|Any CPU
		Release|Any CPU = Release|Any CPU
	EndGlobalSection
	GlobalSection(SolutionProperties) = preSolution
		HideSolutionNode = FALSE
	EndGlobalSection
	GlobalSection(ProjectConfigurationPlatforms) = postSolution
		{41A4B2BD-4107-4158-9CEE-BEDC0B2E1853}.Debug|Any CPU.ActiveCfg = Debug|Any CPU
		{41A4B2BD-4107-4158-9CEE-BEDC0B2E1853}.Debug|Any CPU.Build.0 = Debug|Any CPU
		{41A4B2BD-4107-4158-9CEE-BEDC0B2E1853}.Release|Any CPU.ActiveCfg = Release|Any CPU
		{41A4B2BD-4107-4158-9CEE-BEDC0B2E1853}.Release|Any CPU.Build.0 = Release|Any CPU
		{CA3C4FFD-DCA4-4B22-9D9D-80ACDD2C59C5}.Debug|Any CPU.ActiveCfg = Debug|Any CPU
		{CA3C4FFD-DCA4-4B22-9D9D-80ACDD2C59C5}.Debug|Any CPU.Build.0 = Debug|Any CPU
		{CA3C4FFD-DCA4-4B22-9D9D-80ACDD2C59C5}.Release|Any CPU.ActiveCfg = Release|Any CPU
		{CA3C4FFD-DCA4-4B22-9D9D-80ACDD2C59C5}.Release|Any CPU.Build.0 = Release|Any CPU
		{639ECE81-F711-4107-81E2-77E6CADD9EA6}.Debug|Any CPU.ActiveCfg = Debug|Any CPU
		{639ECE81-F711-4107-81E2-77E6CADD9EA6}.Debug|Any CPU.Build.0 = Debug|Any CPU
		{639ECE81-F711-4107-81E2-77E6CADD9EA6}.Release|Any CPU.ActiveCfg = Release|Any CPU
		{639ECE81-F711-4107-81E2-77E6CADD9EA6}.Release|Any CPU.Build.0 = Release|Any CPU
	EndGlobalSection
EndGlobal
